
Microsoft Visual Studio Solution File, Format Version 12.00
# Visual Studio Version 17
VisualStudioVersion = 17.3.32929.385
MinimumVisualStudioVersion = 10.0.40219.1
Project("{FAE04EC0-301F-11D3-BF4B-00C04F79EFBC}") = "DeAn", "DeAn\DeAn.csproj", "{AB9E7F32-3FEA-47E9-AFC5-4F25B75C8992}"
EndProject
Global
	GlobalSection(SolutionConfigurationPlatforms) = preSolution
		Debug|Any CPU = Debug|Any CPU
		Release|Any CPU = Release|Any CPU
	EndGlobalSection
	GlobalSection(ProjectConfigurationPlatforms) = postSolution
		{AB9E7F32-3FEA-47E9-AFC5-4F25B75C8992}.Debug|Any CPU.ActiveCfg = Debug|Any CPU
		{AB9E7F32-3FEA-47E9-AFC5-4F25B75C8992}.Debug|Any CPU.Build.0 = Debug|Any CPU
		{AB9E7F32-3FEA-47E9-AFC5-4F25B75C8992}.Release|Any CPU.ActiveCfg = Release|Any CPU
		{AB9E7F32-3FEA-47E9-AFC5-4F25B75C8992}.Release|Any CPU.Build.0 = Release|Any CPU
	EndGlobalSection
	GlobalSection(SolutionProperties) = preSolution
		HideSolutionNode = FALSE
	EndGlobalSection
	GlobalSection(ExtensibilityGlobals) = postSolution
		SolutionGuid = {798EC716-317E-43BD-859F-180632627349}
	EndGlobalSection
EndGlobal
